
Microsoft Visual Studio Solution File, Format Version 12.00
# Visual Studio 15
VisualStudioVersion = 15.0.28307.1778
MinimumVisualStudioVersion = 10.0.40219.1
Project("{FAE04EC0-301F-11D3-BF4B-00C04F79EFBC}") = "TravelTripProje", "TravelTripProje\TravelTripProje.csproj", "{37B3646D-7D2A-4A6A-B35D-06C5DC37D2FF}"
EndProject
Global
	GlobalSection(SolutionConfigurationPlatforms) = preSolution
		Debug|Any CPU = Debug|Any CPU
		Release|Any CPU = Release|Any CPU
	EndGlobalSection
	GlobalSection(ProjectConfigurationPlatforms) = postSolution
		{37B3646D-7D2A-4A6A-B35D-06C5DC37D2FF}.Debug|Any CPU.ActiveCfg = Debug|Any CPU
		{37B3646D-7D2A-4A6A-B35D-06C5DC37D2FF}.Debug|Any CPU.Build.0 = Debug|Any CPU
		{37B3646D-7D2A-4A6A-B35D-06C5DC37D2FF}.Release|Any CPU.ActiveCfg = Release|Any CPU
		{37B3646D-7D2A-4A6A-B35D-06C5DC37D2FF}.Release|Any CPU.Build.0 = Release|Any CPU
	EndGlobalSection
	GlobalSection(SolutionProperties) = preSolution
		HideSolutionNode = FALSE
	EndGlobalSection
	GlobalSection(ExtensibilityGlobals) = postSolution
		SolutionGuid = {84D95D65-07C1-4689-9DBB-5647B0EEEEB1}
	EndGlobalSection
EndGlobal
